# This file is automatically @generated by Cargo.
# It is not intended for manual editing.
version = 3

[[package]]
name = "libzmq-core"
version = "0.0.0"

[[package]]
name = "libzmq-ffi"
version = "0.0.0"
dependencies = [
 "libzmq-core",
]

[[package]]
name = "libzmq-protocol"
version = "0.0.0"

[[package]]
name = "libzmq-transport"
version = "0.0.0"
